{
  "version": 4,
  "terraform_version": "1.5.7",
  "serial": 25,
  "lineage": "cd6cd985-6420-07e1-90b9-4df7dcb5b445",
  "outputs": {},
  "resources": [
    {
      "mode": "data",
      "type": "google_project",
      "name": "dev_project",
      "provider": "provider[\"registry.terraform.io/hashicorp/google\"]",
      "instances": [
        {
          "schema_version": 0,
          "attributes": {
            "auto_create_network": null,
            "billing_account": "017BAD-CC5FD1-7CD3BD",
            "deletion_policy": "PREVENT",
            "effective_labels": {},
            "folder_id": "",
            "id": "projects/development-ai-template",
            "labels": {},
            "name": "development-ai-template",
            "number": "631732087754",
            "org_id": "121085873282",
            "project_id": "development-ai-template",
            "tags": null,
            "terraform_labels": {}
          },
          "sensitive_attributes": []
        }
      ]
    },
    {
      "mode": "managed",
      "type": "google_bigquery_dataset",
      "name": "feedback_dataset",
      "provider": "provider[\"registry.terraform.io/hashicorp/google\"]",
      "instances": [
        {
          "schema_version": 0,
          "attributes": {
            "access": [
              {
                "dataset": [],
                "domain": "",
                "group_by_email": "",
                "iam_member": "",
                "role": "OWNER",
                "routine": [],
                "special_group": "",
                "user_by_email": "admin@eliasecchi.altostrat.com",
                "view": []
              },
              {
                "dataset": [],
                "domain": "",
                "group_by_email": "",
                "iam_member": "",
                "role": "OWNER",
                "routine": [],
                "special_group": "projectOwners",
                "user_by_email": "",
                "view": []
              },
              {
                "dataset": [],
                "domain": "",
                "group_by_email": "",
                "iam_member": "",
                "role": "READER",
                "routine": [],
                "special_group": "projectReaders",
                "user_by_email": "",
                "view": []
              },
              {
                "dataset": [],
                "domain": "",
                "group_by_email": "",
                "iam_member": "",
                "role": "WRITER",
                "routine": [],
                "special_group": "projectWriters",
                "user_by_email": "",
                "view": []
              }
            ],
            "creation_time": 1729009617362,
            "dataset_id": "feedback_genai_app_sample_sink",
            "default_collation": "",
            "default_encryption_configuration": [],
            "default_partition_expiration_ms": 0,
            "default_table_expiration_ms": 0,
            "delete_contents_on_destroy": false,
            "description": "",
            "effective_labels": {
              "goog-terraform-provisioned": "true"
            },
            "etag": "Mxp9GB57S50UFurWFpmzJw==",
            "external_dataset_reference": [],
            "friendly_name": "feedback_genai_app_sample_sink",
            "id": "projects/development-ai-template/datasets/feedback_genai_app_sample_sink",
            "is_case_insensitive": false,
            "labels": null,
            "last_modified_time": 1729009617362,
            "location": "us-central1",
            "max_time_travel_hours": "168",
            "project": "development-ai-template",
            "resource_tags": null,
            "self_link": "https://bigquery.googleapis.com/bigquery/v2/projects/development-ai-template/datasets/feedback_genai_app_sample_sink",
            "storage_billing_model": "",
            "terraform_labels": {
              "goog-terraform-provisioned": "true"
            },
            "timeouts": null
          },
          "sensitive_attributes": [],
          "private": "eyJlMmJmYjczMC1lY2FhLTExZTYtOGY4OC0zNDM2M2JjN2M0YzAiOnsiY3JlYXRlIjoxMjAwMDAwMDAwMDAwLCJkZWxldGUiOjEyMDAwMDAwMDAwMDAsInVwZGF0ZSI6MTIwMDAwMDAwMDAwMH19",
          "dependencies": [
            "google_project_service.services"
          ]
        }
      ]
    },
    {
      "mode": "managed",
      "type": "google_bigquery_dataset",
      "name": "telemetry_logs_dataset",
      "provider": "provider[\"registry.terraform.io/hashicorp/google\"]",
      "instances": [
        {
          "schema_version": 0,
          "attributes": {
            "access": [
              {
                "dataset": [],
                "domain": "",
                "group_by_email": "",
                "iam_member": "",
                "role": "OWNER",
                "routine": [],
                "special_group": "",
                "user_by_email": "admin@eliasecchi.altostrat.com",
                "view": []
              },
              {
                "dataset": [],
                "domain": "",
                "group_by_email": "",
                "iam_member": "",
                "role": "OWNER",
                "routine": [],
                "special_group": "projectOwners",
                "user_by_email": "",
                "view": []
              },
              {
                "dataset": [],
                "domain": "",
                "group_by_email": "",
                "iam_member": "",
                "role": "READER",
                "routine": [],
                "special_group": "projectReaders",
                "user_by_email": "",
                "view": []
              },
              {
                "dataset": [],
                "domain": "",
                "group_by_email": "",
                "iam_member": "",
                "role": "WRITER",
                "routine": [],
                "special_group": "projectWriters",
                "user_by_email": "",
                "view": []
              }
            ],
            "creation_time": 1729009617351,
            "dataset_id": "telemetry_genai_app_sample_sink",
            "default_collation": "",
            "default_encryption_configuration": [],
            "default_partition_expiration_ms": 0,
            "default_table_expiration_ms": 0,
            "delete_contents_on_destroy": false,
            "description": "",
            "effective_labels": {
              "goog-terraform-provisioned": "true"
            },
            "etag": "59lq2v9EzaP4D5+7M4kGYw==",
            "external_dataset_reference": [],
            "friendly_name": "telemetry_genai_app_sample_sink",
            "id": "projects/development-ai-template/datasets/telemetry_genai_app_sample_sink",
            "is_case_insensitive": false,
            "labels": null,
            "last_modified_time": 1729009617351,
            "location": "us-central1",
            "max_time_travel_hours": "168",
            "project": "development-ai-template",
            "resource_tags": null,
            "self_link": "https://bigquery.googleapis.com/bigquery/v2/projects/development-ai-template/datasets/telemetry_genai_app_sample_sink",
            "storage_billing_model": "",
            "terraform_labels": {
              "goog-terraform-provisioned": "true"
            },
            "timeouts": null
          },
          "sensitive_attributes": [],
          "private": "eyJlMmJmYjczMC1lY2FhLTExZTYtOGY4OC0zNDM2M2JjN2M0YzAiOnsiY3JlYXRlIjoxMjAwMDAwMDAwMDAwLCJkZWxldGUiOjEyMDAwMDAwMDAwMDAsInVwZGF0ZSI6MTIwMDAwMDAwMDAwMH19",
          "dependencies": [
            "google_project_service.services"
          ]
        }
      ]
    },
    {
      "mode": "managed",
      "type": "google_project_iam_member",
      "name": "bigquery_data_editor",
      "provider": "provider[\"registry.terraform.io/hashicorp/google\"]",
      "instances": [
        {
          "schema_version": 0,
          "attributes": {
            "condition": [],
            "etag": "BwYkhmziths=",
            "id": "development-ai-template/roles/bigquery.dataEditor/serviceAccount:service-631732087754@gcp-sa-logging.iam.gserviceaccount.com",
            "member": "serviceAccount:service-631732087754@gcp-sa-logging.iam.gserviceaccount.com",
            "project": "development-ai-template",
            "role": "roles/bigquery.dataEditor"
          },
          "sensitive_attributes": [],
          "private": "bnVsbA==",
          "dependencies": [
            "google_project_service.services",
            "module.log_export_to_bigquery.google_logging_billing_account_sink.sink",
            "module.log_export_to_bigquery.google_logging_folder_sink.sink",
            "module.log_export_to_bigquery.google_logging_organization_sink.sink",
            "module.log_export_to_bigquery.google_logging_project_sink.sink"
          ]
        }
      ]
    },
    {
      "mode": "managed",
      "type": "google_project_iam_member",
      "name": "cloud_run_app_sa_roles",
      "provider": "provider[\"registry.terraform.io/hashicorp/google\"]",
      "instances": [
        {
          "index_key": "dev,roles/aiplatform.user",
          "schema_version": 0,
          "attributes": {
            "condition": [],
            "etag": "BwYkhmziths=",
            "id": "development-ai-template/roles/aiplatform.user/serviceAccount:genai-app-sample-cr-sa@development-ai-template.iam.gserviceaccount.com",
            "member": "serviceAccount:genai-app-sample-cr-sa@development-ai-template.iam.gserviceaccount.com",
            "project": "development-ai-template",
            "role": "roles/aiplatform.user"
          },
          "sensitive_attributes": [],
          "private": "bnVsbA==",
          "dependencies": [
            "google_project_service.services",
            "google_service_account.cloud_run_app_sa"
          ]
        },
        {
          "index_key": "dev,roles/cloudtrace.agent",
          "schema_version": 0,
          "attributes": {
            "condition": [],
            "etag": "BwYkhmziths=",
            "id": "development-ai-template/roles/cloudtrace.agent/serviceAccount:genai-app-sample-cr-sa@development-ai-template.iam.gserviceaccount.com",
            "member": "serviceAccount:genai-app-sample-cr-sa@development-ai-template.iam.gserviceaccount.com",
            "project": "development-ai-template",
            "role": "roles/cloudtrace.agent"
          },
          "sensitive_attributes": [],
          "private": "bnVsbA==",
          "dependencies": [
            "google_project_service.services",
            "google_service_account.cloud_run_app_sa"
          ]
        },
        {
          "index_key": "dev,roles/discoveryengine.editor",
          "schema_version": 0,
          "attributes": {
            "condition": [],
            "etag": "BwYkhmziths=",
            "id": "development-ai-template/roles/discoveryengine.editor/serviceAccount:genai-app-sample-cr-sa@development-ai-template.iam.gserviceaccount.com",
            "member": "serviceAccount:genai-app-sample-cr-sa@development-ai-template.iam.gserviceaccount.com",
            "project": "development-ai-template",
            "role": "roles/discoveryengine.editor"
          },
          "sensitive_attributes": [],
          "private": "bnVsbA==",
          "dependencies": [
            "google_project_service.services",
            "google_service_account.cloud_run_app_sa"
          ]
        },
        {
          "index_key": "dev,roles/logging.logWriter",
          "schema_version": 0,
          "attributes": {
            "condition": [],
            "etag": "BwYkhmziths=",
            "id": "development-ai-template/roles/logging.logWriter/serviceAccount:genai-app-sample-cr-sa@development-ai-template.iam.gserviceaccount.com",
            "member": "serviceAccount:genai-app-sample-cr-sa@development-ai-template.iam.gserviceaccount.com",
            "project": "development-ai-template",
            "role": "roles/logging.logWriter"
          },
          "sensitive_attributes": [],
          "private": "bnVsbA==",
          "dependencies": [
            "google_project_service.services",
            "google_service_account.cloud_run_app_sa"
          ]
        },
        {
          "index_key": "dev,roles/storage.admin",
          "schema_version": 0,
          "attributes": {
            "condition": [],
            "etag": "BwYkhmziths=",
            "id": "development-ai-template/roles/storage.admin/serviceAccount:genai-app-sample-cr-sa@development-ai-template.iam.gserviceaccount.com",
            "member": "serviceAccount:genai-app-sample-cr-sa@development-ai-template.iam.gserviceaccount.com",
            "project": "development-ai-template",
            "role": "roles/storage.admin"
          },
          "sensitive_attributes": [],
          "private": "bnVsbA==",
          "dependencies": [
            "google_project_service.services",
            "google_service_account.cloud_run_app_sa"
          ]
        }
      ]
    },
    {
      "mode": "managed",
      "type": "google_project_iam_member",
      "name": "default_compute_sa_storage_object_creator",
      "provider": "provider[\"registry.terraform.io/hashicorp/google\"]",
      "instances": [
        {
          "schema_version": 0,
          "attributes": {
            "condition": [],
            "etag": "BwYkhmxgyCw=",
            "id": "development-ai-template/roles/cloudbuild.builds.builder/serviceAccount:631732087754-compute@developer.gserviceaccount.com",
            "member": "serviceAccount:631732087754-compute@developer.gserviceaccount.com",
            "project": "development-ai-template",
            "role": "roles/cloudbuild.builds.builder"
          },
          "sensitive_attributes": [],
          "private": "bnVsbA==",
          "dependencies": [
            "data.google_project.dev_project",
            "google_project_service.services"
          ]
        }
      ]
    },
    {
      "mode": "managed",
      "type": "google_project_service",
      "name": "services",
      "provider": "provider[\"registry.terraform.io/hashicorp/google\"]",
      "instances": [
        {
          "index_key": 0,
          "schema_version": 0,
          "attributes": {
            "disable_dependent_services": null,
            "disable_on_destroy": false,
            "id": "development-ai-template/aiplatform.googleapis.com",
            "project": "development-ai-template",
            "service": "aiplatform.googleapis.com",
            "timeouts": null
          },
          "sensitive_attributes": [],
          "private": "eyJlMmJmYjczMC1lY2FhLTExZTYtOGY4OC0zNDM2M2JjN2M0YzAiOnsiY3JlYXRlIjoxMjAwMDAwMDAwMDAwLCJkZWxldGUiOjEyMDAwMDAwMDAwMDAsInJlYWQiOjYwMDAwMDAwMDAwMCwidXBkYXRlIjoxMjAwMDAwMDAwMDAwfX0="
        },
        {
          "index_key": 1,
          "schema_version": 0,
          "attributes": {
            "disable_dependent_services": null,
            "disable_on_destroy": false,
            "id": "development-ai-template/cloudbuild.googleapis.com",
            "project": "development-ai-template",
            "service": "cloudbuild.googleapis.com",
            "timeouts": null
          },
          "sensitive_attributes": [],
          "private": "eyJlMmJmYjczMC1lY2FhLTExZTYtOGY4OC0zNDM2M2JjN2M0YzAiOnsiY3JlYXRlIjoxMjAwMDAwMDAwMDAwLCJkZWxldGUiOjEyMDAwMDAwMDAwMDAsInJlYWQiOjYwMDAwMDAwMDAwMCwidXBkYXRlIjoxMjAwMDAwMDAwMDAwfX0="
        },
        {
          "index_key": 2,
          "schema_version": 0,
          "attributes": {
            "disable_dependent_services": null,
            "disable_on_destroy": false,
            "id": "development-ai-template/run.googleapis.com",
            "project": "development-ai-template",
            "service": "run.googleapis.com",
            "timeouts": null
          },
          "sensitive_attributes": [],
          "private": "eyJlMmJmYjczMC1lY2FhLTExZTYtOGY4OC0zNDM2M2JjN2M0YzAiOnsiY3JlYXRlIjoxMjAwMDAwMDAwMDAwLCJkZWxldGUiOjEyMDAwMDAwMDAwMDAsInJlYWQiOjYwMDAwMDAwMDAwMCwidXBkYXRlIjoxMjAwMDAwMDAwMDAwfX0="
        },
        {
          "index_key": 3,
          "schema_version": 0,
          "attributes": {
            "disable_dependent_services": null,
            "disable_on_destroy": false,
            "id": "development-ai-template/bigquery.googleapis.com",
            "project": "development-ai-template",
            "service": "bigquery.googleapis.com",
            "timeouts": null
          },
          "sensitive_attributes": [],
          "private": "eyJlMmJmYjczMC1lY2FhLTExZTYtOGY4OC0zNDM2M2JjN2M0YzAiOnsiY3JlYXRlIjoxMjAwMDAwMDAwMDAwLCJkZWxldGUiOjEyMDAwMDAwMDAwMDAsInJlYWQiOjYwMDAwMDAwMDAwMCwidXBkYXRlIjoxMjAwMDAwMDAwMDAwfX0="
        },
        {
          "index_key": 4,
          "schema_version": 0,
          "attributes": {
            "disable_dependent_services": null,
            "disable_on_destroy": false,
            "id": "development-ai-template/discoveryengine.googleapis.com",
            "project": "development-ai-template",
            "service": "discoveryengine.googleapis.com",
            "timeouts": null
          },
          "sensitive_attributes": [],
          "private": "eyJlMmJmYjczMC1lY2FhLTExZTYtOGY4OC0zNDM2M2JjN2M0YzAiOnsiY3JlYXRlIjoxMjAwMDAwMDAwMDAwLCJkZWxldGUiOjEyMDAwMDAwMDAwMDAsInJlYWQiOjYwMDAwMDAwMDAwMCwidXBkYXRlIjoxMjAwMDAwMDAwMDAwfX0="
        },
        {
          "index_key": 5,
          "schema_version": 0,
          "attributes": {
            "disable_dependent_services": null,
            "disable_on_destroy": false,
            "id": "development-ai-template/cloudresourcemanager.googleapis.com",
            "project": "development-ai-template",
            "service": "cloudresourcemanager.googleapis.com",
            "timeouts": null
          },
          "sensitive_attributes": [],
          "private": "eyJlMmJmYjczMC1lY2FhLTExZTYtOGY4OC0zNDM2M2JjN2M0YzAiOnsiY3JlYXRlIjoxMjAwMDAwMDAwMDAwLCJkZWxldGUiOjEyMDAwMDAwMDAwMDAsInJlYWQiOjYwMDAwMDAwMDAwMCwidXBkYXRlIjoxMjAwMDAwMDAwMDAwfX0="
        },
        {
          "index_key": 6,
          "schema_version": 0,
          "attributes": {
            "disable_dependent_services": null,
            "disable_on_destroy": false,
            "id": "development-ai-template/iam.googleapis.com",
            "project": "development-ai-template",
            "service": "iam.googleapis.com",
            "timeouts": null
          },
          "sensitive_attributes": [],
          "private": "eyJlMmJmYjczMC1lY2FhLTExZTYtOGY4OC0zNDM2M2JjN2M0YzAiOnsiY3JlYXRlIjoxMjAwMDAwMDAwMDAwLCJkZWxldGUiOjEyMDAwMDAwMDAwMDAsInJlYWQiOjYwMDAwMDAwMDAwMCwidXBkYXRlIjoxMjAwMDAwMDAwMDAwfX0="
        },
        {
          "index_key": 7,
          "schema_version": 0,
          "attributes": {
            "disable_dependent_services": null,
            "disable_on_destroy": false,
            "id": "development-ai-template/bigquery.googleapis.com",
            "project": "development-ai-template",
            "service": "bigquery.googleapis.com",
            "timeouts": null
          },
          "sensitive_attributes": [],
          "private": "eyJlMmJmYjczMC1lY2FhLTExZTYtOGY4OC0zNDM2M2JjN2M0YzAiOnsiY3JlYXRlIjoxMjAwMDAwMDAwMDAwLCJkZWxldGUiOjEyMDAwMDAwMDAwMDAsInJlYWQiOjYwMDAwMDAwMDAwMCwidXBkYXRlIjoxMjAwMDAwMDAwMDAwfX0="
        },
        {
          "index_key": 8,
          "schema_version": 0,
          "attributes": {
            "disable_dependent_services": null,
            "disable_on_destroy": false,
            "id": "development-ai-template/serviceusage.googleapis.com",
            "project": "development-ai-template",
            "service": "serviceusage.googleapis.com",
            "timeouts": null
          },
          "sensitive_attributes": [],
          "private": "eyJlMmJmYjczMC1lY2FhLTExZTYtOGY4OC0zNDM2M2JjN2M0YzAiOnsiY3JlYXRlIjoxMjAwMDAwMDAwMDAwLCJkZWxldGUiOjEyMDAwMDAwMDAwMDAsInJlYWQiOjYwMDAwMDAwMDAwMCwidXBkYXRlIjoxMjAwMDAwMDAwMDAwfX0="
        },
        {
          "index_key": 9,
          "schema_version": 0,
          "attributes": {
            "disable_dependent_services": null,
            "disable_on_destroy": false,
            "id": "development-ai-template/logging.googleapis.com",
            "project": "development-ai-template",
            "service": "logging.googleapis.com",
            "timeouts": null
          },
          "sensitive_attributes": [],
          "private": "eyJlMmJmYjczMC1lY2FhLTExZTYtOGY4OC0zNDM2M2JjN2M0YzAiOnsiY3JlYXRlIjoxMjAwMDAwMDAwMDAwLCJkZWxldGUiOjEyMDAwMDAwMDAwMDAsInJlYWQiOjYwMDAwMDAwMDAwMCwidXBkYXRlIjoxMjAwMDAwMDAwMDAwfX0="
        },
        {
          "index_key": 10,
          "schema_version": 0,
          "attributes": {
            "disable_dependent_services": null,
            "disable_on_destroy": false,
            "id": "development-ai-template/cloudtrace.googleapis.com",
            "project": "development-ai-template",
            "service": "cloudtrace.googleapis.com",
            "timeouts": null
          },
          "sensitive_attributes": [],
          "private": "eyJlMmJmYjczMC1lY2FhLTExZTYtOGY4OC0zNDM2M2JjN2M0YzAiOnsiY3JlYXRlIjoxMjAwMDAwMDAwMDAwLCJkZWxldGUiOjEyMDAwMDAwMDAwMDAsInJlYWQiOjYwMDAwMDAwMDAwMCwidXBkYXRlIjoxMjAwMDAwMDAwMDAwfX0="
        }
      ]
    },
    {
      "mode": "managed",
      "type": "google_service_account",
      "name": "cloud_run_app_sa",
      "provider": "provider[\"registry.terraform.io/hashicorp/google\"]",
      "instances": [
        {
          "schema_version": 0,
          "attributes": {
            "account_id": "genai-app-sample-cr-sa",
            "create_ignore_already_exists": null,
            "description": "",
            "disabled": false,
            "display_name": "Cloud Run Generative AI app SA",
            "email": "genai-app-sample-cr-sa@development-ai-template.iam.gserviceaccount.com",
            "id": "projects/development-ai-template/serviceAccounts/genai-app-sample-cr-sa@development-ai-template.iam.gserviceaccount.com",
            "member": "serviceAccount:genai-app-sample-cr-sa@development-ai-template.iam.gserviceaccount.com",
            "name": "projects/development-ai-template/serviceAccounts/genai-app-sample-cr-sa@development-ai-template.iam.gserviceaccount.com",
            "project": "development-ai-template",
            "timeouts": null,
            "unique_id": "103382118542770819612"
          },
          "sensitive_attributes": [],
          "private": "eyJlMmJmYjczMC1lY2FhLTExZTYtOGY4OC0zNDM2M2JjN2M0YzAiOnsiY3JlYXRlIjozMDAwMDAwMDAwMDB9fQ==",
          "dependencies": [
            "google_project_service.services"
          ]
        }
      ]
    },
    {
      "mode": "managed",
      "type": "google_storage_bucket",
      "name": "logs_data_bucket",
      "provider": "provider[\"registry.terraform.io/hashicorp/google\"]",
      "instances": [
        {
          "index_key": 0,
          "schema_version": 3,
          "attributes": {
            "autoclass": [],
            "cors": [],
            "custom_placement_config": [],
            "default_event_based_hold": false,
            "effective_labels": {
              "goog-terraform-provisioned": "true"
            },
            "enable_object_retention": false,
            "encryption": [],
            "force_destroy": false,
            "id": "development-ai-template-logs-data",
            "labels": null,
            "lifecycle_rule": [],
            "location": "US-CENTRAL1",
            "logging": [],
            "name": "development-ai-template-logs-data",
            "project": "development-ai-template",
            "project_number": 631732087754,
            "public_access_prevention": "inherited",
            "requester_pays": false,
            "retention_policy": [],
            "rpo": null,
            "self_link": "https://www.googleapis.com/storage/v1/b/development-ai-template-logs-data",
            "soft_delete_policy": [
              {
                "effective_time": "2024-10-15T16:26:57.896Z",
                "retention_duration_seconds": 604800
              }
            ],
            "storage_class": "STANDARD",
            "terraform_labels": {
              "goog-terraform-provisioned": "true"
            },
            "timeouts": null,
            "uniform_bucket_level_access": true,
            "url": "gs://development-ai-template-logs-data",
            "versioning": [],
            "website": []
          },
          "sensitive_attributes": [],
          "private": "eyJlMmJmYjczMC1lY2FhLTExZTYtOGY4OC0zNDM2M2JjN2M0YzAiOnsiY3JlYXRlIjo2MDAwMDAwMDAwMDAsInJlYWQiOjI0MDAwMDAwMDAwMCwidXBkYXRlIjoyNDAwMDAwMDAwMDB9LCJzY2hlbWFfdmVyc2lvbiI6IjMifQ==",
          "dependencies": [
            "data.google_storage_bucket.existing_bucket",
            "google_project_service.services"
          ]
        }
      ]
    },
    {
      "module": "module.feedback_export_to_bigquery",
      "mode": "managed",
      "type": "google_logging_project_sink",
      "name": "sink",
      "provider": "provider[\"registry.terraform.io/hashicorp/google\"]",
      "instances": [
        {
          "index_key": 0,
          "schema_version": 0,
          "attributes": {
            "bigquery_options": [
              {
                "use_partitioned_tables": true
              }
            ],
            "custom_writer_identity": null,
            "description": "",
            "destination": "bigquery.googleapis.com/projects/development-ai-template/datasets/feedback_genai_app_sample_sink",
            "disabled": false,
            "exclusions": [],
            "filter": "jsonPayload.log_type=\"feedback\"",
            "id": "projects/development-ai-template/sinks/feedback_logs_genai_app_sample",
            "name": "feedback_logs_genai_app_sample",
            "project": "development-ai-template",
            "unique_writer_identity": true,
            "writer_identity": "serviceAccount:service-631732087754@gcp-sa-logging.iam.gserviceaccount.com"
          },
          "sensitive_attributes": [],
          "private": "bnVsbA==",
          "dependencies": [
            "google_project_service.services"
          ]
        }
      ]
    },
    {
      "module": "module.log_export_to_bigquery",
      "mode": "managed",
      "type": "google_logging_project_sink",
      "name": "sink",
      "provider": "provider[\"registry.terraform.io/hashicorp/google\"]",
      "instances": [
        {
          "index_key": 0,
          "schema_version": 0,
          "attributes": {
            "bigquery_options": [
              {
                "use_partitioned_tables": true
              }
            ],
            "custom_writer_identity": null,
            "description": "",
            "destination": "bigquery.googleapis.com/projects/development-ai-template/datasets/telemetry_genai_app_sample_sink",
            "disabled": false,
            "exclusions": [],
            "filter": "jsonPayload.attributes.\"traceloop.association.properties.log_type\"=\"tracing\" jsonPayload.resource.attributes.\"service.name\"=\"Sample Chatbot Application\"",
            "id": "projects/development-ai-template/sinks/telemetry_logs_genai_app_sample",
            "name": "telemetry_logs_genai_app_sample",
            "project": "development-ai-template",
            "unique_writer_identity": true,
            "writer_identity": "serviceAccount:service-631732087754@gcp-sa-logging.iam.gserviceaccount.com"
          },
          "sensitive_attributes": [],
          "private": "bnVsbA==",
          "dependencies": [
            "google_project_service.services"
          ]
        }
      ]
    }
  ],
  "check_results": null
}
